# THIS IS AN AUTOGENERATED FILE. DO NOT EDIT THIS FILE DIRECTLY.
# yarn lockfile v1


random-fruits-name@^1.10.1:
  version "1.10.1"
  resolved "https://registry.yarnpkg.com/random-fruits-name/-/random-fruits-name-1.10.1.tgz#c59fae943882e5dbdc0944e25df247de84f6b184"
  integrity sha512-IDOKbtmTRoMoCZ+V5tP6u24wdKcQg5ffYKrfrGL6EXOSajSsjHCGvsHG1DPlKEv6SAMG0tz/RfV3at7Kd1pspw==
